PODS:
  - CongCongPod/Font (0.0.3)
  - CongCongPod/Tool (0.0.3)

DEPENDENCIES:
  - CongCongPod/Font (from `../`)
  - CongCongPod/Tool (from `../`)

EXTERNAL SOURCES:
  CongCongPod:
    :path: "../"

SPEC CHECKSUMS:
  CongCongPod: fbcb73c0fc4ec13908fcdd50ffeec6b4d08ceb66

PODFILE CHECKSUM: 520c1a0a3f37c4690577d88fde88f254cbaf96bb

COCOAPODS: 1.9.3
